
Microsoft Visual Studio Solution File, Format Version 12.00
Project("{FAE04EC0-301F-11D3-BF4B-00C04F79EFBC}") = "aspnet", "aspnet\aspnet.csproj", "{8B5EC951-5C20-47F3-B4A6-7D431E270820}"
EndProject
Global
	GlobalSection(SolutionConfigurationPlatforms) = preSolution
		Debug|Any CPU = Debug|Any CPU
		Release|Any CPU = Release|Any CPU
	EndGlobalSection
	GlobalSection(ProjectConfigurationPlatforms) = postSolution
		{8B5EC951-5C20-47F3-B4A6-7D431E270820}.Debug|Any CPU.ActiveCfg = Debug|Any CPU
		{8B5EC951-5C20-47F3-B4A6-7D431E270820}.Debug|Any CPU.Build.0 = Debug|Any CPU
		{8B5EC951-5C20-47F3-B4A6-7D431E270820}.Release|Any CPU.ActiveCfg = Release|Any CPU
		{8B5EC951-5C20-47F3-B4A6-7D431E270820}.Release|Any CPU.Build.0 = Release|Any CPU
	EndGlobalSection
EndGlobal
